// !$*UTF8*$!
{
	archiveVersion = 1;
	classes = {
	};
	objectVersion = 48;
	objects = {

/* Begin PBXBuildFile section */
		E2126F9D2002EA21000905D5 /* ELInitialViewController+DelegateMethods.swift in Sources */ = {isa = PBXBuildFile; fileRef = E2126F9C2002EA21000905D5 /* ELInitialViewController+DelegateMethods.swift */; };
		E24D30091FFFDC2B002DE96F /* AppDelegate.swift in Sources */ = {isa = PBXBuildFile; fileRef = E24D30081FFFDC2B002DE96F /* AppDelegate.swift */; };
		E24D300B1FFFDC2B002DE96F /* ELInitialViewController.swift in Sources */ = {isa = PBXBuildFile; fileRef = E24D300A1FFFDC2B002DE96F /* ELInitialViewController.swift */; };
		E24D300D1FFFDC2B002DE96F /* ELDetailViewController.swift in Sources */ = {isa = PBXBuildFile; fileRef = E24D300C1FFFDC2B002DE96F /* ELDetailViewController.swift */; };
		E24D30101FFFDC2B002DE96F /* Main.storyboard in Resources */ = {isa = PBXBuildFile; fileRef = E24D300E1FFFDC2B002DE96F /* Main.storyboard */; };
		E24D30121FFFDC2B002DE96F /* Assets.xcassets in Resources */ = {isa = PBXBuildFile; fileRef = E24D30111FFFDC2B002DE96F /* Assets.xcassets */; };
		E24D30151FFFDC2B002DE96F /* LaunchScreen.storyboard in Resources */ = {isa = PBXBuildFile; fileRef = E24D30131FFFDC2B002DE96F /* LaunchScreen.storyboard */; };
		E24D301D1FFFECD4002DE96F /* ELFourSquareCodes.swift in Sources */ = {isa = PBXBuildFile; fileRef = E24D301C1FFFECD4002DE96F /* ELFourSquareCodes.swift */; };
		E24D301F20000B06002DE96F /* ELFetchServices.swift in Sources */ = {isa = PBXBuildFile; fileRef = E24D301E20000B06002DE96F /* ELFetchServices.swift */; };
		E24D302220000FB8002DE96F /* ELNetworkManager.swift in Sources */ = {isa = PBXBuildFile; fileRef = E24D302120000FB8002DE96F /* ELNetworkManager.swift */; };
		E24D302520001199002DE96F /* FourSquareVenue.swift in Sources */ = {isa = PBXBuildFile; fileRef = E24D302420001199002DE96F /* FourSquareVenue.swift */; };
		E24D302720001290002DE96F /* FourSquareItem.swift in Sources */ = {isa = PBXBuildFile; fileRef = E24D302620001290002DE96F /* FourSquareItem.swift */; };
		E24D30292001A130002DE96F /* FourSquareResponse.swift in Sources */ = {isa = PBXBuildFile; fileRef = E24D30282001A130002DE96F /* FourSquareResponse.swift */; };
		E24D302B2001EB8D002DE96F /* String+Extension.swift in Sources */ = {isa = PBXBuildFile; fileRef = E24D302A2001EB8D002DE96F /* String+Extension.swift */; };
		E28506032003245C0013728F /* ELVenueTableVCCell.swift in Sources */ = {isa = PBXBuildFile; fileRef = E28506022003245C0013728F /* ELVenueTableVCCell.swift */; };
		E285060520033C040013728F /* FourSquareTip.swift in Sources */ = {isa = PBXBuildFile; fileRef = E285060420033C040013728F /* FourSquareTip.swift */; };
		E2F97A3B2002F3A900AB569B /* ELVenueListViewController.swift in Sources */ = {isa = PBXBuildFile; fileRef = E2F97A3A2002F3A900AB569B /* ELVenueListViewController.swift */; };
/* End PBXBuildFile section */

/* Begin PBXFileReference section */
		E2126F9C2002EA21000905D5 /* ELInitialViewController+DelegateMethods.swift */ = {isa = PBXFileReference; lastKnownFileType = sourcecode.swift; path = "ELInitialViewController+DelegateMethods.swift"; sourceTree = "<group>"; };
		E24D30051FFFDC2B002DE96F /* SquaresByFour.app */ = {isa = PBXFileReference; explicitFileType = wrapper.application; includeInIndex = 0; path = SquaresByFour.app; sourceTree = BUILT_PRODUCTS_DIR; };
		E24D30081FFFDC2B002DE96F /* AppDelegate.swift */ = {isa = PBXFileReference; lastKnownFileType = sourcecode.swift; path = AppDelegate.swift; sourceTree = "<group>"; };
		E24D300A1FFFDC2B002DE96F /* ELInitialViewController.swift */ = {isa = PBXFileReference; lastKnownFileType = sourcecode.swift; path = ELInitialViewController.swift; sourceTree = "<group>"; };
		E24D300C1FFFDC2B002DE96F /* ELDetailViewController.swift */ = {isa = PBXFileReference; lastKnownFileType = sourcecode.swift; path = ELDetailViewController.swift; sourceTree = "<group>"; };
		E24D300F1FFFDC2B002DE96F /* Base */ = {isa = PBXFileReference; lastKnownFileType = file.storyboard; name = Base; path = Base.lproj/Main.storyboard; sourceTree = "<group>"; };
		E24D30111FFFDC2B002DE96F /* Assets.xcassets */ = {isa = PBXFileReference; lastKnownFileType = folder.assetcatalog; path = Assets.xcassets; sourceTree = "<group>"; };
		E24D30141FFFDC2B002DE96F /* Base */ = {isa = PBXFileReference; lastKnownFileType = file.storyboard; name = Base; path = Base.lproj/LaunchScreen.storyboard; sourceTree = "<group>"; };
		E24D30161FFFDC2B002DE96F /* Info.plist */ = {isa = PBXFileReference; lastKnownFileType = text.plist.xml; path = Info.plist; sourceTree = "<group>"; };
		E24D301C1FFFECD4002DE96F /* ELFourSquareCodes.swift */ = {isa = PBXFileReference; lastKnownFileType = sourcecode.swift; path = ELFourSquareCodes.swift; sourceTree = "<group>"; };
		E24D301E20000B06002DE96F /* ELFetchServices.swift */ = {isa = PBXFileReference; lastKnownFileType = sourcecode.swift; path = ELFetchServices.swift; sourceTree = "<group>"; };
		E24D302120000FB8002DE96F /* ELNetworkManager.swift */ = {isa = PBXFileReference; lastKnownFileType = sourcecode.swift; path = ELNetworkManager.swift; sourceTree = "<group>"; };
		E24D302420001199002DE96F /* FourSquareVenue.swift */ = {isa = PBXFileReference; lastKnownFileType = sourcecode.swift; path = FourSquareVenue.swift; sourceTree = "<group>"; };
		E24D302620001290002DE96F /* FourSquareItem.swift */ = {isa = PBXFileReference; lastKnownFileType = sourcecode.swift; path = FourSquareItem.swift; sourceTree = "<group>"; };
		E24D30282001A130002DE96F /* FourSquareResponse.swift */ = {isa = PBXFileReference; lastKnownFileType = sourcecode.swift; path = FourSquareResponse.swift; sourceTree = "<group>"; };
		E24D302A2001EB8D002DE96F /* String+Extension.swift */ = {isa = PBXFileReference; lastKnownFileType = sourcecode.swift; path = "String+Extension.swift"; sourceTree = "<group>"; };
		E28506022003245C0013728F /* ELVenueTableVCCell.swift */ = {isa = PBXFileReference; lastKnownFileType = sourcecode.swift; path = ELVenueTableVCCell.swift; sourceTree = "<group>"; };
		E285060420033C040013728F /* FourSquareTip.swift */ = {isa = PBXFileReference; lastKnownFileType = sourcecode.swift; path = FourSquareTip.swift; sourceTree = "<group>"; };
		E2F97A3A2002F3A900AB569B /* ELVenueListViewController.swift */ = {isa = PBXFileReference; lastKnownFileType = sourcecode.swift; path = ELVenueListViewController.swift; sourceTree = "<group>"; };
/* End PBXFileReference section */

/* Begin PBXFrameworksBuildPhase section */
		E24D30021FFFDC2B002DE96F /* Frameworks */ = {
			isa = PBXFrameworksBuildPhase;
			buildActionMask = 2147483647;
			files = (
			);
			runOnlyForDeploymentPostprocessing = 0;
		};
/* End PBXFrameworksBuildPhase section */

/* Begin PBXGroup section */
		E2126F9B2002EA02000905D5 /* Initial Vew Controller */ = {
			isa = PBXGroup;
			children = (
				E24D300A1FFFDC2B002DE96F /* ELInitialViewController.swift */,
				E2126F9C2002EA21000905D5 /* ELInitialViewController+DelegateMethods.swift */,
			);
			path = "Initial Vew Controller";
			sourceTree = "<group>";
		};
		E24D2FFC1FFFDC2B002DE96F = {
			isa = PBXGroup;
			children = (
				E24D30071FFFDC2B002DE96F /* SquaresByFour */,
				E24D30061FFFDC2B002DE96F /* Products */,
			);
			sourceTree = "<group>";
		};
		E24D30061FFFDC2B002DE96F /* Products */ = {
			isa = PBXGroup;
			children = (
				E24D30051FFFDC2B002DE96F /* SquaresByFour.app */,
			);
			name = Products;
			sourceTree = "<group>";
		};
		E24D30071FFFDC2B002DE96F /* SquaresByFour */ = {
			isa = PBXGroup;
			children = (
				E24D30081FFFDC2B002DE96F /* AppDelegate.swift */,
				E2126F9B2002EA02000905D5 /* Initial Vew Controller */,
				E2F97A3C2002F3B200AB569B /* Venue List View Controller */,
				E2BC3E8C20034C9E00A5EB30 /* Details View controller */,
				E24D30232000117A002DE96F /* Models */,
				E24D302020000B0F002DE96F /* Networking */,
				E24D302C2001EB9E002DE96F /* Extensions */,
				E24D302D2001EBBA002DE96F /* Supporting Files */,
				E24D300E1FFFDC2B002DE96F /* Main.storyboard */,
				E24D30111FFFDC2B002DE96F /* Assets.xcassets */,
				E24D30131FFFDC2B002DE96F /* LaunchScreen.storyboard */,
				E24D30161FFFDC2B002DE96F /* Info.plist */,
			);
			path = SquaresByFour;
			sourceTree = "<group>";
		};
		E24D302020000B0F002DE96F /* Networking */ = {
			isa = PBXGroup;
			children = (
				E24D302120000FB8002DE96F /* ELNetworkManager.swift */,
				E24D301E20000B06002DE96F /* ELFetchServices.swift */,
			);
			path = Networking;
			sourceTree = "<group>";
		};
		E24D30232000117A002DE96F /* Models */ = {
			isa = PBXGroup;
			children = (
				E24D30282001A130002DE96F /* FourSquareResponse.swift */,
				E24D302620001290002DE96F /* FourSquareItem.swift */,
				E24D302420001199002DE96F /* FourSquareVenue.swift */,
				E285060420033C040013728F /* FourSquareTip.swift */,
			);
			path = Models;
			sourceTree = "<group>";
		};
		E24D302C2001EB9E002DE96F /* Extensions */ = {
			isa = PBXGroup;
			children = (
				E24D302A2001EB8D002DE96F /* String+Extension.swift */,
			);
			path = Extensions;
			sourceTree = "<group>";
		};
		E24D302D2001EBBA002DE96F /* Supporting Files */ = {
			isa = PBXGroup;
			children = (
				E24D301C1FFFECD4002DE96F /* ELFourSquareCodes.swift */,
			);
			path = "Supporting Files";
			sourceTree = "<group>";
		};
		E2BC3E8C20034C9E00A5EB30 /* Details View controller */ = {
			isa = PBXGroup;
			children = (
				E24D300C1FFFDC2B002DE96F /* ELDetailViewController.swift */,
			);
			path = "Details View controller";
			sourceTree = "<group>";
		};
		E2F97A3C2002F3B200AB569B /* Venue List View Controller */ = {
			isa = PBXGroup;
			children = (
				E2F97A3A2002F3A900AB569B /* ELVenueListViewController.swift */,
				E28506022003245C0013728F /* ELVenueTableVCCell.swift */,
			);
			path = "Venue List View Controller";
			sourceTree = "<group>";
		};
/* End PBXGroup section */

/* Begin PBXNativeTarget section */
		E24D30041FFFDC2B002DE96F /* SquaresByFour */ = {
			isa = PBXNativeTarget;
			buildConfigurationList = E24D30191FFFDC2B002DE96F /* Build configuration list for PBXNativeTarget "SquaresByFour" */;
			buildPhases = (
				E24D30011FFFDC2B002DE96F /* Sources */,
				E24D30021FFFDC2B002DE96F /* Frameworks */,
				E24D30031FFFDC2B002DE96F /* Resources */,
			);
			buildRules = (
			);
			dependencies = (
			);
			name = SquaresByFour;
			productName = SquaresByFour;
			productReference = E24D30051FFFDC2B002DE96F /* SquaresByFour.app */;
			productType = "com.apple.product-type.application";
		};
/* End PBXNativeTarget section */

/* Begin PBXProject section */
		E24D2FFD1FFFDC2B002DE96F /* Project object */ = {
			isa = PBXProject;
			attributes = {
				LastSwiftUpdateCheck = 0920;
				LastUpgradeCheck = 0920;
				ORGANIZATIONNAME = Ruckt;
				TargetAttributes = {
					E24D30041FFFDC2B002DE96F = {
						CreatedOnToolsVersion = 9.2;
						ProvisioningStyle = Automatic;
					};
				};
			};
			buildConfigurationList = E24D30001FFFDC2B002DE96F /* Build configuration list for PBXProject "SquaresByFour" */;
			compatibilityVersion = "Xcode 8.0";
			developmentRegion = en;
			hasScannedForEncodings = 0;
			knownRegions = (
				en,
				Base,
			);
			mainGroup = E24D2FFC1FFFDC2B002DE96F;
			productRefGroup = E24D30061FFFDC2B002DE96F /* Products */;
			projectDirPath = "";
			projectRoot = "";
			targets = (
				E24D30041FFFDC2B002DE96F /* SquaresByFour */,
			);
		};
/* End PBXProject section */

/* Begin PBXResourcesBuildPhase section */
		E24D30031FFFDC2B002DE96F /* Resources */ = {
			isa = PBXResourcesBuildPhase;
			buildActionMask = 2147483647;
			files = (
				E24D30151FFFDC2B002DE96F /* LaunchScreen.storyboard in Resources */,
				E24D30121FFFDC2B002DE96F /* Assets.xcassets in Resources */,
				E24D30101FFFDC2B002DE96F /* Main.storyboard in Resources */,
			);
			runOnlyForDeploymentPostprocessing = 0;
		};
/* End PBXResourcesBuildPhase section */

/* Begin PBXSourcesBuildPhase section */
		E24D30011FFFDC2B002DE96F /* Sources */ = {
			isa = PBXSourcesBuildPhase;
			buildActionMask = 2147483647;
			files = (
				E28506032003245C0013728F /* ELVenueTableVCCell.swift in Sources */,
				E24D300D1FFFDC2B002DE96F /* ELDetailViewController.swift in Sources */,
				E24D300B1FFFDC2B002DE96F /* ELInitialViewController.swift in Sources */,
				E24D302720001290002DE96F /* FourSquareItem.swift in Sources */,
				E285060520033C040013728F /* FourSquareTip.swift in Sources */,
				E24D301F20000B06002DE96F /* ELFetchServices.swift in Sources */,
				E24D30292001A130002DE96F /* FourSquareResponse.swift in Sources */,
				E24D301D1FFFECD4002DE96F /* ELFourSquareCodes.swift in Sources */,
				E24D30091FFFDC2B002DE96F /* AppDelegate.swift in Sources */,
				E24D302220000FB8002DE96F /* ELNetworkManager.swift in Sources */,
				E2126F9D2002EA21000905D5 /* ELInitialViewController+DelegateMethods.swift in Sources */,
				E2F97A3B2002F3A900AB569B /* ELVenueListViewController.swift in Sources */,
				E24D302B2001EB8D002DE96F /* String+Extension.swift in Sources */,
				E24D302520001199002DE96F /* FourSquareVenue.swift in Sources */,
			);
			runOnlyForDeploymentPostprocessing = 0;
		};
/* End PBXSourcesBuildPhase section */

/* Begin PBXVariantGroup section */
		E24D300E1FFFDC2B002DE96F /* Main.storyboard */ = {
			isa = PBXVariantGroup;
			children = (
				E24D300F1FFFDC2B002DE96F /* Base */,
			);
			name = Main.storyboard;
			sourceTree = "<group>";
		};
		E24D30131FFFDC2B002DE96F /* LaunchScreen.storyboard */ = {
			isa = PBXVariantGroup;
			children = (
				E24D30141FFFDC2B002DE96F /* Base */,
			);
			name = LaunchScreen.storyboard;
			sourceTree = "<group>";
		};
/* End PBXVariantGroup section */

/* Begin XCBuildConfiguration section */
		E24D30171FFFDC2B002DE96F /* Debug */ = {
			isa = XCBuildConfiguration;
			buildSettings = {
				ALWAYS_SEARCH_USER_PATHS = NO;
				CLANG_ANALYZER_NONNULL = YES;
				CLANG_ANALYZER_NUMBER_OBJECT_CONVERSION = YES_AGGRESSIVE;
				CLANG_CXX_LANGUAGE_STANDARD = "gnu++14";
				CLANG_CXX_LIBRARY = "libc++";
				CLANG_ENABLE_MODULES = YES;
				CLANG_ENABLE_OBJC_ARC = YES;
				CLANG_WARN_BLOCK_CAPTURE_AUTORELEASING = YES;
				CLANG_WARN_BOOL_CONVERSION = YES;
				CLANG_WARN_COMMA = YES;
				CLANG_WARN_CONSTANT_CONVERSION = YES;
				CLANG_WARN_DIRECT_OBJC_ISA_USAGE = YES_ERROR;
				CLANG_WARN_DOCUMENTATION_COMMENTS = YES;
				CLANG_WARN_EMPTY_BODY = YES;
				CLANG_WARN_ENUM_CONVERSION = YES;
				CLANG_WARN_INFINITE_RECURSION = YES;
				CLANG_WARN_INT_CONVERSION = YES;
				CLANG_WARN_NON_LITERAL_NULL_CONVERSION = YES;
				CLANG_WARN_OBJC_LITERAL_CONVERSION = YES;
				CLANG_WARN_OBJC_ROOT_CLASS = YES_ERROR;
				CLANG_WARN_RANGE_LOOP_ANALYSIS = YES;
				CLANG_WARN_STRICT_PROTOTYPES = YES;
				CLANG_WARN_SUSPICIOUS_MOVE = YES;
				CLANG_WARN_UNGUARDED_AVAILABILITY = YES_AGGRESSIVE;
				CLANG_WARN_UNREACHABLE_CODE = YES;
				CLANG_WARN__DUPLICATE_METHOD_MATCH = YES;
				CODE_SIGN_IDENTITY = "iPhone Developer";
				COPY_PHASE_STRIP = NO;
				DEBUG_INFORMATION_FORMAT = dwarf;
				ENABLE_STRICT_OBJC_MSGSEND = YES;
				ENABLE_TESTABILITY = YES;
				GCC_C_LANGUAGE_STANDARD = gnu11;
				GCC_DYNAMIC_NO_PIC = NO;
				GCC_NO_COMMON_BLOCKS = YES;
				GCC_OPTIMIZATION_LEVEL = 0;
				GCC_PREPROCESSOR_DEFINITIONS = (
					"DEBUG=1",
					"$(inherited)",
				);
				GCC_WARN_64_TO_32_BIT_CONVERSION = YES;
				GCC_WARN_ABOUT_RETURN_TYPE = YES_ERROR;
				GCC_WARN_UNDECLARED_SELECTOR = YES;
				GCC_WARN_UNINITIALIZED_AUTOS = YES_AGGRESSIVE;
				GCC_WARN_UNUSED_FUNCTION = YES;
				GCC_WARN_UNUSED_VARIABLE = YES;
				IPHONEOS_DEPLOYMENT_TARGET = 11.0;
				MTL_ENABLE_DEBUG_INFO = YES;
				ONLY_ACTIVE_ARCH = YES;
				SDKROOT = iphoneos;
				SWIFT_ACTIVE_COMPILATION_CONDITIONS = DEBUG;
				SWIFT_OPTIMIZATION_LEVEL = "-Onone";
			};
			name = Debug;
		};
		E24D30181FFFDC2B002DE96F /* Release */ = {
			isa = XCBuildConfiguration;
			buildSettings = {
				ALWAYS_SEARCH_USER_PATHS = NO;
				CLANG_ANALYZER_NONNULL = YES;
				CLANG_ANALYZER_NUMBER_OBJECT_CONVERSION = YES_AGGRESSIVE;
				CLANG_CXX_LANGUAGE_STANDARD = "gnu++14";
				CLANG_CXX_LIBRARY = "libc++";
				CLANG_ENABLE_MODULES = YES;
				CLANG_ENABLE_OBJC_ARC = YES;
				CLANG_WARN_BLOCK_CAPTURE_AUTORELEASING = YES;
				CLANG_WARN_BOOL_CONVERSION = YES;
				CLANG_WARN_COMMA = YES;
				CLANG_WARN_CONSTANT_CONVERSION = YES;
				CLANG_WARN_DIRECT_OBJC_ISA_USAGE = YES_ERROR;
				CLANG_WARN_DOCUMENTATION_COMMENTS = YES;
				CLANG_WARN_EMPTY_BODY = YES;
				CLANG_WARN_ENUM_CONVERSION = YES;
				CLANG_WARN_INFINITE_RECURSION = YES;
				CLANG_WARN_INT_CONVERSION = YES;
				CLANG_WARN_NON_LITERAL_NULL_CONVERSION = YES;
				CLANG_WARN_OBJC_LITERAL_CONVERSION = YES;
				CLANG_WARN_OBJC_ROOT_CLASS = YES_ERROR;
				CLANG_WARN_RANGE_LOOP_ANALYSIS = YES;
				CLANG_WARN_STRICT_PROTOTYPES = YES;
				CLANG_WARN_SUSPICIOUS_MOVE = YES;
				CLANG_WARN_UNGUARDED_AVAILABILITY = YES_AGGRESSIVE;
				CLANG_WARN_UNREACHABLE_CODE = YES;
				CLANG_WARN__DUPLICATE_METHOD_MATCH = YES;
				CODE_SIGN_IDENTITY = "iPhone Developer";
				COPY_PHASE_STRIP = NO;
				DEBUG_INFORMATION_FORMAT = "dwarf-with-dsym";
				ENABLE_NS_ASSERTIONS = NO;
				ENABLE_STRICT_OBJC_MSGSEND = YES;
				GCC_C_LANGUAGE_STANDARD = gnu11;
				GCC_NO_COMMON_BLOCKS = YES;
				GCC_WARN_64_TO_32_BIT_CONVERSION = YES;
				GCC_WARN_ABOUT_RETURN_TYPE = YES_ERROR;
				GCC_WARN_UNDECLARED_SELECTOR = YES;
				GCC_WARN_UNINITIALIZED_AUTOS = YES_AGGRESSIVE;
				GCC_WARN_UNUSED_FUNCTION = YES;
				GCC_WARN_UNUSED_VARIABLE = YES;
				IPHONEOS_DEPLOYMENT_TARGET = 11.0;
				MTL_ENABLE_DEBUG_INFO = NO;
				SDKROOT = iphoneos;
				SWIFT_OPTIMIZATION_LEVEL = "-Owholemodule";
				VALIDATE_PRODUCT = YES;
			};
			name = Release;
		};
		E24D301A1FFFDC2B002DE96F /* Debug */ = {
			isa = XCBuildConfiguration;
			buildSettings = {
				ASSETCATALOG_COMPILER_APPICON_NAME = AppIcon;
				CODE_SIGN_STYLE = Automatic;
				DEVELOPMENT_TEAM = 266QWC925V;
				INFOPLIST_FILE = SquaresByFour/Info.plist;
				LD_RUNPATH_SEARCH_PATHS = "$(inherited) @executable_path/Frameworks";
				PRODUCT_BUNDLE_IDENTIFIER = com.ruckt.SquaresByFour;
				PRODUCT_NAME = "$(TARGET_NAME)";
				SWIFT_VERSION = 4.0;
				TARGETED_DEVICE_FAMILY = "1,2";
			};
			name = Debug;
		};
		E24D301B1FFFDC2B002DE96F /* Release */ = {
			isa = XCBuildConfiguration;
			buildSettings = {
				ASSETCATALOG_COMPILER_APPICON_NAME = AppIcon;
				CODE_SIGN_STYLE = Automatic;
				DEVELOPMENT_TEAM = 266QWC925V;
				INFOPLIST_FILE = SquaresByFour/Info.plist;
				LD_RUNPATH_SEARCH_PATHS = "$(inherited) @executable_path/Frameworks";
				PRODUCT_BUNDLE_IDENTIFIER = com.ruckt.SquaresByFour;
				PRODUCT_NAME = "$(TARGET_NAME)";
				SWIFT_VERSION = 4.0;
				TARGETED_DEVICE_FAMILY = "1,2";
			};
			name = Release;
		};
/* End XCBuildConfiguration section */

/* Begin XCConfigurationList section */
		E24D30001FFFDC2B002DE96F /* Build configuration list for PBXProject "SquaresByFour" */ = {
			isa = XCConfigurationList;
			buildConfigurations = (
				E24D30171FFFDC2B002DE96F /* Debug */,
				E24D30181FFFDC2B002DE96F /* Release */,
			);
			defaultConfigurationIsVisible = 0;
			defaultConfigurationName = Release;
		};
		E24D30191FFFDC2B002DE96F /* Build configuration list for PBXNativeTarget "SquaresByFour" */ = {
			isa = XCConfigurationList;
			buildConfigurations = (
				E24D301A1FFFDC2B002DE96F /* Debug */,
				E24D301B1FFFDC2B002DE96F /* Release */,
			);
			defaultConfigurationIsVisible = 0;
			defaultConfigurationName = Release;
		};
/* End XCConfigurationList section */
	};
	rootObject = E24D2FFD1FFFDC2B002DE96F /* Project object */;
}
